
Microsoft Visual Studio Solution File, Format Version 12.00
# Visual Studio Version 17
VisualStudioVersion = 17.2.32630.192
MinimumVisualStudioVersion = 10.0.40219.1
Project("{9A19103F-16F7-4668-BE54-9A1E7A4F7556}") = "interview", "src\interview.csproj", "{B2382016-402A-465A-B150-B8184D1A9DF4}"
EndProject
Global
	GlobalSection(SolutionConfigurationPlatforms) = preSolution
		Debug|Any CPU = Debug|Any CPU
		Release|Any CPU = Release|Any CPU
	EndGlobalSection
	GlobalSection(ProjectConfigurationPlatforms) = postSolution
		{B2382016-402A-465A-B150-B8184D1A9DF4}.Debug|Any CPU.ActiveCfg = Debug|Any CPU
		{B2382016-402A-465A-B150-B8184D1A9DF4}.Debug|Any CPU.Build.0 = Debug|Any CPU
		{B2382016-402A-465A-B150-B8184D1A9DF4}.Release|Any CPU.ActiveCfg = Release|Any CPU
		{B2382016-402A-465A-B150-B8184D1A9DF4}.Release|Any CPU.Build.0 = Release|Any CPU
	EndGlobalSection
	GlobalSection(SolutionProperties) = preSolution
		HideSolutionNode = FALSE
	EndGlobalSection
	GlobalSection(ExtensibilityGlobals) = postSolution
		SolutionGuid = {D989DC95-193F-46AA-AB7F-E54B61BFC295}
	EndGlobalSection
EndGlobal
